
Microsoft Visual Studio Solution File, Format Version 12.00
# Visual Studio Version 17
VisualStudioVersion = 17.14.36401.2 d17.14
MinimumVisualStudioVersion = 10.0.40219.1
Project("{54A90642-561A-4BB1-A94E-469ADEE60C69}") = "allmanhetens.client", "allmanhetens.client\allmanhetens.client.esproj", "{45247514-7739-EEA4-2ADF-B3B794C636CE}"
EndProject
Project("{FAE04EC0-301F-11D3-BF4B-00C04F79EFBC}") = "Allmanhetens.Server", "allmanhetens.Server\Allmanhetens.Server.csproj", "{ADF208A0-ACC8-4AEA-96A3-B1207D6E882F}"
EndProject
Project("{2150E333-8FDC-42A3-9474-1A3956D46DE8}") = "Solution Items", "Solution Items", "{8EC462FD-D22E-90A8-E5CE-7E832BA40C5D}"
	ProjectSection(SolutionItems) = preProject
		.gitignore = .gitignore
	EndProjectSection
EndProject
Project("{FAE04EC0-301F-11D3-BF4B-00C04F79EFBC}") = "Allmanhetens.DTO", "Allmanhetens.DTO\Allmanhetens.DTO.csproj", "{B5D58C65-FDD7-4BB5-98E2-2E26E1A67B8F}"
EndProject
Project("{FAE04EC0-301F-11D3-BF4B-00C04F79EFBC}") = "Allmanhetens.Model", "Allmanhetens.Model\Allmanhetens.Model.csproj", "{AF04536B-CD57-4646-BD2E-DDEC1EBE9C3F}"
EndProject
Global
	GlobalSection(SolutionConfigurationPlatforms) = preSolution
		Debug|Any CPU = Debug|Any CPU
		Release|Any CPU = Release|Any CPU
	EndGlobalSection
	GlobalSection(ProjectConfigurationPlatforms) = postSolution
		{45247514-7739-EEA4-2ADF-B3B794C636CE}.Debug|Any CPU.ActiveCfg = Debug|Any CPU
		{45247514-7739-EEA4-2ADF-B3B794C636CE}.Debug|Any CPU.Build.0 = Debug|Any CPU
		{45247514-7739-EEA4-2ADF-B3B794C636CE}.Debug|Any CPU.Deploy.0 = Debug|Any CPU
		{45247514-7739-EEA4-2ADF-B3B794C636CE}.Release|Any CPU.ActiveCfg = Release|Any CPU
		{45247514-7739-EEA4-2ADF-B3B794C636CE}.Release|Any CPU.Build.0 = Release|Any CPU
		{45247514-7739-EEA4-2ADF-B3B794C636CE}.Release|Any CPU.Deploy.0 = Release|Any CPU
		{ADF208A0-ACC8-4AEA-96A3-B1207D6E882F}.Debug|Any CPU.ActiveCfg = Debug|Any CPU
		{ADF208A0-ACC8-4AEA-96A3-B1207D6E882F}.Debug|Any CPU.Build.0 = Debug|Any CPU
		{ADF208A0-ACC8-4AEA-96A3-B1207D6E882F}.Release|Any CPU.ActiveCfg = Release|Any CPU
		{ADF208A0-ACC8-4AEA-96A3-B1207D6E882F}.Release|Any CPU.Build.0 = Release|Any CPU
		{B5D58C65-FDD7-4BB5-98E2-2E26E1A67B8F}.Debug|Any CPU.ActiveCfg = Debug|Any CPU
		{B5D58C65-FDD7-4BB5-98E2-2E26E1A67B8F}.Debug|Any CPU.Build.0 = Debug|Any CPU
		{B5D58C65-FDD7-4BB5-98E2-2E26E1A67B8F}.Release|Any CPU.ActiveCfg = Release|Any CPU
		{B5D58C65-FDD7-4BB5-98E2-2E26E1A67B8F}.Release|Any CPU.Build.0 = Release|Any CPU
		{AF04536B-CD57-4646-BD2E-DDEC1EBE9C3F}.Debug|Any CPU.ActiveCfg = Debug|Any CPU
		{AF04536B-CD57-4646-BD2E-DDEC1EBE9C3F}.Debug|Any CPU.Build.0 = Debug|Any CPU
		{AF04536B-CD57-4646-BD2E-DDEC1EBE9C3F}.Release|Any CPU.ActiveCfg = Release|Any CPU
		{AF04536B-CD57-4646-BD2E-DDEC1EBE9C3F}.Release|Any CPU.Build.0 = Release|Any CPU
	EndGlobalSection
	GlobalSection(SolutionProperties) = preSolution
		HideSolutionNode = FALSE
	EndGlobalSection
	GlobalSection(ExtensibilityGlobals) = postSolution
		SolutionGuid = {E900B384-F310-4825-B4E0-9840F075BD23}
	EndGlobalSection
EndGlobal
